
Microsoft Visual Studio Solution File, Format Version 12.00
# Visual Studio Version 16
VisualStudioVersion = 16.0.28803.202
MinimumVisualStudioVersion = 10.0.40219.1
Project("{FAE04EC0-301F-11D3-BF4B-00C04F79EFBC}") = "E1_ParOImpar", "E1_ParOImpar\E1_ParOImpar.csproj", "{B944BCFD-1D30-4E56-9723-3D57110CD894}"
EndProject
Global
	GlobalSection(SolutionConfigurationPlatforms) = preSolution
		Debug|Any CPU = Debug|Any CPU
		Release|Any CPU = Release|Any CPU
	EndGlobalSection
	GlobalSection(ProjectConfigurationPlatforms) = postSolution
		{B944BCFD-1D30-4E56-9723-3D57110CD894}.Debug|Any CPU.ActiveCfg = Debug|Any CPU
		{B944BCFD-1D30-4E56-9723-3D57110CD894}.Debug|Any CPU.Build.0 = Debug|Any CPU
		{B944BCFD-1D30-4E56-9723-3D57110CD894}.Release|Any CPU.ActiveCfg = Release|Any CPU
		{B944BCFD-1D30-4E56-9723-3D57110CD894}.Release|Any CPU.Build.0 = Release|Any CPU
	EndGlobalSection
	GlobalSection(SolutionProperties) = preSolution
		HideSolutionNode = FALSE
	EndGlobalSection
	GlobalSection(ExtensibilityGlobals) = postSolution
		SolutionGuid = {5674A91C-7B99-4F2C-B7EB-BEA6B29049A9}
	EndGlobalSection
EndGlobal
